
Microsoft Visual Studio Solution File, Format Version 12.00
# Visual Studio Version 16
VisualStudioVersion = 16.0.30128.74
MinimumVisualStudioVersion = 10.0.40219.1
Project("{FAE04EC0-301F-11D3-BF4B-00C04F79EFBC}") = "ArmadaMarket", "ArmadaMarket\ArmadaMarket.csproj", "{BC83C23F-AA1F-41C3-BCA1-6C26144C3A28}"
EndProject
Global
	GlobalSection(SolutionConfigurationPlatforms) = preSolution
		Debug|Any CPU = Debug|Any CPU
		Release|Any CPU = Release|Any CPU
	EndGlobalSection
	GlobalSection(ProjectConfigurationPlatforms) = postSolution
		{BC83C23F-AA1F-41C3-BCA1-6C26144C3A28}.Debug|Any CPU.ActiveCfg = Debug|Any CPU
		{BC83C23F-AA1F-41C3-BCA1-6C26144C3A28}.Debug|Any CPU.Build.0 = Debug|Any CPU
		{BC83C23F-AA1F-41C3-BCA1-6C26144C3A28}.Release|Any CPU.ActiveCfg = Release|Any CPU
		{BC83C23F-AA1F-41C3-BCA1-6C26144C3A28}.Release|Any CPU.Build.0 = Release|Any CPU
	EndGlobalSection
	GlobalSection(SolutionProperties) = preSolution
		HideSolutionNode = FALSE
	EndGlobalSection
	GlobalSection(ExtensibilityGlobals) = postSolution
		SolutionGuid = {0CB67802-D557-41FC-BA82-9165B22657E7}
	EndGlobalSection
EndGlobal
